
Microsoft Visual Studio Solution File, Format Version 12.00
# Visual Studio Version 16
VisualStudioVersion = 16.0.30104.148
MinimumVisualStudioVersion = 10.0.40219.1
Project("{9A19103F-16F7-4668-BE54-9A1E7A4F7556}") = "eShopSolution.WebApp", "eShopSolution.WebApp\eShopSolution.WebApp.csproj", "{A21915EB-9F08-4549-A2DA-34D11E6B3FBD}"
EndProject
Project("{2150E333-8FDC-42A3-9474-1A3956D46DE8}") = "Solution Items", "Solution Items", "{19FB0477-2434-4066-A475-A05B82069A9D}"
	ProjectSection(SolutionItems) = preProject
		README.md = README.md
	EndProjectSection
EndProject
Project("{9A19103F-16F7-4668-BE54-9A1E7A4F7556}") = "eShopSolution.Data", "eShopSolution.Data\eShopSolution.Data.csproj", "{658B606D-73ED-4FA9-9974-16C24B3D9C89}"
EndProject
Project("{9A19103F-16F7-4668-BE54-9A1E7A4F7556}") = "eShopSolution.Application", "eShopSolution.Application\eShopSolution.Application.csproj", "{0118D688-DA17-47DC-8472-453AA57D7065}"
EndProject
Project("{FAE04EC0-301F-11D3-BF4B-00C04F79EFBC}") = "eShopSolution.Utilities", "eShopSolution.Utilities\eShopSolution.Utilities.csproj", "{2A6B5FA4-64EA-4B86-A673-2EA5A549B85E}"
EndProject
Global
	GlobalSection(SolutionConfigurationPlatforms) = preSolution
		Debug|Any CPU = Debug|Any CPU
		Release|Any CPU = Release|Any CPU
	EndGlobalSection
	GlobalSection(ProjectConfigurationPlatforms) = postSolution
		{A21915EB-9F08-4549-A2DA-34D11E6B3FBD}.Debug|Any CPU.ActiveCfg = Debug|Any CPU
		{A21915EB-9F08-4549-A2DA-34D11E6B3FBD}.Debug|Any CPU.Build.0 = Debug|Any CPU
		{A21915EB-9F08-4549-A2DA-34D11E6B3FBD}.Release|Any CPU.ActiveCfg = Release|Any CPU
		{A21915EB-9F08-4549-A2DA-34D11E6B3FBD}.Release|Any CPU.Build.0 = Release|Any CPU
		{658B606D-73ED-4FA9-9974-16C24B3D9C89}.Debug|Any CPU.ActiveCfg = Debug|Any CPU
		{658B606D-73ED-4FA9-9974-16C24B3D9C89}.Debug|Any CPU.Build.0 = Debug|Any CPU
		{658B606D-73ED-4FA9-9974-16C24B3D9C89}.Release|Any CPU.ActiveCfg = Release|Any CPU
		{658B606D-73ED-4FA9-9974-16C24B3D9C89}.Release|Any CPU.Build.0 = Release|Any CPU
		{0118D688-DA17-47DC-8472-453AA57D7065}.Debug|Any CPU.ActiveCfg = Debug|Any CPU
		{0118D688-DA17-47DC-8472-453AA57D7065}.Debug|Any CPU.Build.0 = Debug|Any CPU
		{0118D688-DA17-47DC-8472-453AA57D7065}.Release|Any CPU.ActiveCfg = Release|Any CPU
		{0118D688-DA17-47DC-8472-453AA57D7065}.Release|Any CPU.Build.0 = Release|Any CPU
		{2A6B5FA4-64EA-4B86-A673-2EA5A549B85E}.Debug|Any CPU.ActiveCfg = Debug|Any CPU
		{2A6B5FA4-64EA-4B86-A673-2EA5A549B85E}.Debug|Any CPU.Build.0 = Debug|Any CPU
		{2A6B5FA4-64EA-4B86-A673-2EA5A549B85E}.Release|Any CPU.ActiveCfg = Release|Any CPU
		{2A6B5FA4-64EA-4B86-A673-2EA5A549B85E}.Release|Any CPU.Build.0 = Release|Any CPU
	EndGlobalSection
	GlobalSection(SolutionProperties) = preSolution
		HideSolutionNode = FALSE
	EndGlobalSection
	GlobalSection(ExtensibilityGlobals) = postSolution
		SolutionGuid = {EBD59704-02C2-41E6-8091-AEE76D953D58}
	EndGlobalSection
EndGlobal
